
Microsoft Visual Studio Solution File, Format Version 12.00
# Visual Studio Version 16
VisualStudioVersion = 16.0.29418.71
MinimumVisualStudioVersion = 10.0.40219.1
Project("{FAE04EC0-301F-11D3-BF4B-00C04F79EFBC}") = "Task3", "Task3.csproj", "{6EC6A0CA-DCA4-41B2-BF75-590193930C44}"
EndProject
Global
	GlobalSection(SolutionConfigurationPlatforms) = preSolution
		Debug|Any CPU = Debug|Any CPU
		Release|Any CPU = Release|Any CPU
	EndGlobalSection
	GlobalSection(ProjectConfigurationPlatforms) = postSolution
		{6EC6A0CA-DCA4-41B2-BF75-590193930C44}.Debug|Any CPU.ActiveCfg = Debug|Any CPU
		{6EC6A0CA-DCA4-41B2-BF75-590193930C44}.Debug|Any CPU.Build.0 = Debug|Any CPU
		{6EC6A0CA-DCA4-41B2-BF75-590193930C44}.Release|Any CPU.ActiveCfg = Release|Any CPU
		{6EC6A0CA-DCA4-41B2-BF75-590193930C44}.Release|Any CPU.Build.0 = Release|Any CPU
	EndGlobalSection
	GlobalSection(SolutionProperties) = preSolution
		HideSolutionNode = FALSE
	EndGlobalSection
	GlobalSection(ExtensibilityGlobals) = postSolution
		SolutionGuid = {954DE288-A946-488D-904E-C704785BE3BF}
	EndGlobalSection
EndGlobal
