
Microsoft Visual Studio Solution File, Format Version 12.00
# Visual Studio Version 16
VisualStudioVersion = 16.0.29418.71
MinimumVisualStudioVersion = 10.0.40219.1
Project("{FAE04EC0-301F-11D3-BF4B-00C04F79EFBC}") = "Task2", "Task2.csproj", "{A33E83CF-BA49-4997-8E4C-3D5C8A94A28E}"
EndProject
Global
	GlobalSection(SolutionConfigurationPlatforms) = preSolution
		Debug|Any CPU = Debug|Any CPU
		Release|Any CPU = Release|Any CPU
	EndGlobalSection
	GlobalSection(ProjectConfigurationPlatforms) = postSolution
		{A33E83CF-BA49-4997-8E4C-3D5C8A94A28E}.Debug|Any CPU.ActiveCfg = Debug|Any CPU
		{A33E83CF-BA49-4997-8E4C-3D5C8A94A28E}.Debug|Any CPU.Build.0 = Debug|Any CPU
		{A33E83CF-BA49-4997-8E4C-3D5C8A94A28E}.Release|Any CPU.ActiveCfg = Release|Any CPU
		{A33E83CF-BA49-4997-8E4C-3D5C8A94A28E}.Release|Any CPU.Build.0 = Release|Any CPU
	EndGlobalSection
	GlobalSection(SolutionProperties) = preSolution
		HideSolutionNode = FALSE
	EndGlobalSection
	GlobalSection(ExtensibilityGlobals) = postSolution
		SolutionGuid = {00CA50F0-A8FF-4CBA-800E-C26D7E004692}
	EndGlobalSection
EndGlobal
